<?xml version="1.0" encoding="utf-8"?>
<Project ToolsVersion="4.0" xmlns="http://schemas.microsoft.com/developer/msbuild/2003">
  <ItemGroup>
    <Filter Include="Components">
      <UniqueIdentifier>{f7a2196e-2868-456e-a478-218f3f7fc217}</UniqueIdentifier>
    </Filter>
    <Filter Include="Core">
      <UniqueIdentifier>{4aea9781-cbcf-464a-a862-355c2af35d0e}</UniqueIdentifier>
    </Filter>
    <Filter Include="Graphics">
      <UniqueIdentifier>{da436b9d-344d-4556-8d5d-0d215fea0d01}</UniqueIdentifier>
    </Filter>
    <Filter Include="Helpers">
      <UniqueIdentifier>{0042c303-102b-4b46-9da2-6fa9580f74c7}</UniqueIdentifier>
    </Filter>
    <Filter Include="Prefabs">
      <UniqueIdentifier>{7fa21d62-4261-4cf4-96da-19368d816117}</UniqueIdentifier>
    </Filter>
    <Filter Include="Scenegraph">
      <UniqueIdentifier>{121cbf75-873e-461f-af2e-26e5d19f4fde}</UniqueIdentifier>
    </Filter>
    <Filter Include="Content">
      <UniqueIdentifier>{dbd5e14f-f4b1-4a88-b470-e68ef13e45ac}</UniqueIdentifier>
    </Filter>
    <Filter Include="Core\Engine">
      <UniqueIdentifier>{9be13218-5e4c-4adb-ae17-1fc909236a78}</UniqueIdentifier>
    </Filter>
    <Filter Include="Core\Input Handling">
      <UniqueIdentifier>{cebdcfb6-9c45-4009-a4f7-1a60d7be67dc}</UniqueIdentifier>
    </Filter>
    <Filter Include="Core\Input Handling\Command">
      <UniqueIdentifier>{a28cea9b-2324-42c1-8e91-da37073d1a3b}</UniqueIdentifier>
    </Filter>
    <Filter Include="Core\Input Handling\Input">
      <UniqueIdentifier>{acdaf1d7-ff4e-405e-993d-9005ca86efb8}</UniqueIdentifier>
    </Filter>
    <Filter Include="Core\Observer">
      <UniqueIdentifier>{188af16a-a31c-4af4-8e18-1daf64d4789f}</UniqueIdentifier>
    </Filter>
    <Filter Include="Core\Achievement">
      <UniqueIdentifier>{b7e6a1ab-9d1b-4dcd-971f-6672165e24fd}</UniqueIdentifier>
    </Filter>
    <Filter Include="Core\Input Handling\Handlers">
      <UniqueIdentifier>{1a89dcc2-8633-4f42-9969-fb988bf7b012}</UniqueIdentifier>
    </Filter>
    <Filter Include="ImGui">
      <UniqueIdentifier>{132cfe5c-95be-4c94-ad36-bc5e34cee2d0}</UniqueIdentifier>
    </Filter>
    <Filter Include="ImGui\Core">
      <UniqueIdentifier>{a2c59047-e95a-45ad-bd44-29c687ccf2f2}</UniqueIdentifier>
    </Filter>
    <Filter Include="ImGui\Editor">
      <UniqueIdentifier>{4b4c60c6-0060-43e4-91e2-8af09269ef58}</UniqueIdentifier>
    </Filter>
    <Filter Include="RapidXML">
      <UniqueIdentifier>{311f9476-5c14-4615-8895-94c3ffebd04d}</UniqueIdentifier>
    </Filter>
    <Filter Include="Components\Physics">
      <UniqueIdentifier>{72945a64-8112-456a-9216-51fe508771c9}</UniqueIdentifier>
    </Filter>
    <Filter Include="Components\Graphics">
      <UniqueIdentifier>{4711ef54-000e-4635-8e21-9f1234469587}</UniqueIdentifier>
    </Filter>
    <Filter Include="Components\Game">
      <UniqueIdentifier>{263abac6-ff75-45bb-ba0c-da2e17108485}</UniqueIdentifier>
    </Filter>
    <Filter Include="Components\General">
      <UniqueIdentifier>{8a91f761-1396-4bc4-986a-c7120a07f02d}</UniqueIdentifier>
    </Filter>
  </ItemGroup>
  <ItemGroup>
    <ClCompile Include="Font.cpp">
      <Filter>Graphics</Filter>
    </ClCompile>
    <ClCompile Include="Texture2D.cpp">
      <Filter>Graphics</Filter>
    </ClCompile>
    <ClCompile Include="SceneManager.cpp">
      <Filter>Scenegraph</Filter>
    </ClCompile>
    <ClCompile Include="GameObject.cpp">
      <Filter>Scenegraph</Filter>
    </ClCompile>
    <ClCompile Include="Audio.cpp">
      <Filter>Core</Filter>
    </ClCompile>
    <ClCompile Include="ControllerHandler.cpp">
      <Filter>Core\Input Handling\Handlers</Filter>
    </ClCompile>
    <ClCompile Include="KBMHandler.cpp">
      <Filter>Core\Input Handling\Handlers</Filter>
    </ClCompile>
    <ClCompile Include="Renderer.cpp">
      <Filter>Graphics</Filter>
    </ClCompile>
    <ClCompile Include="Engine.cpp">
      <Filter>Core\Engine</Filter>
    </ClCompile>
    <ClCompile Include="ProtoEnginePCH.cpp">
      <Filter>Core\Engine</Filter>
    </ClCompile>
    <ClCompile Include="CommandManager.cpp">
      <Filter>Core\Input Handling\Command</Filter>
    </ClCompile>
    <ClCompile Include="Buttons.cpp">
      <Filter>Core\Input Handling\Input</Filter>
    </ClCompile>
    <ClCompile Include="Joysticks.cpp">
      <Filter>Core\Input Handling\Input</Filter>
    </ClCompile>
    <ClCompile Include="Triggers.cpp">
      <Filter>Core\Input Handling\Input</Filter>
    </ClCompile>
    <ClCompile Include="InputManager.cpp">
      <Filter>Core\Input Handling\Handlers</Filter>
    </ClCompile>
    <ClCompile Include="ImGui\imgui.cpp">
      <Filter>ImGui\Core</Filter>
    </ClCompile>
    <ClCompile Include="ImGui\imgui_demo.cpp">
      <Filter>ImGui\Core</Filter>
    </ClCompile>
    <ClCompile Include="ImGui\imgui_draw.cpp">
      <Filter>ImGui\Core</Filter>
    </ClCompile>
    <ClCompile Include="ImGui\imgui_sdl.cpp">
      <Filter>ImGui\Core</Filter>
    </ClCompile>
    <ClCompile Include="ImGui\imgui_widgets.cpp">
      <Filter>ImGui\Core</Filter>
    </ClCompile>
    <ClCompile Include="ContentManager.cpp">
      <Filter>Content</Filter>
    </ClCompile>
    <ClCompile Include="Scene.cpp">
      <Filter>Scenegraph</Filter>
    </ClCompile>
    <ClCompile Include="Logger.cpp">
      <Filter>ImGui\Editor</Filter>
    </ClCompile>
    <ClCompile Include="Editor.cpp">
      <Filter>ImGui\Editor</Filter>
    </ClCompile>
    <ClCompile Include="EditorGame.cpp">
      <Filter>Scenegraph</Filter>
    </ClCompile>
    <ClCompile Include="ProtoGui.cpp">
      <Filter>ImGui\Editor</Filter>
    </ClCompile>
    <ClCompile Include="ProtoUtils.cpp">
      <Filter>Helpers</Filter>
    </ClCompile>
    <ClCompile Include="FPSText.cpp">
      <Filter>Components\Graphics</Filter>
    </ClCompile>
    <ClCompile Include="Image.cpp">
      <Filter>Components\Graphics</Filter>
    </ClCompile>
    <ClCompile Include="Text.cpp">
      <Filter>Components\Graphics</Filter>
    </ClCompile>
    <ClCompile Include="RigidBody2D.cpp">
      <Filter>Components\Physics</Filter>
    </ClCompile>
    <ClCompile Include="BoxCollider2D.cpp">
      <Filter>Components\Physics</Filter>
    </ClCompile>
    <ClCompile Include="Camera.cpp">
      <Filter>Components\Game</Filter>
    </ClCompile>
    <ClCompile Include="Transform.cpp">
      <Filter>Components\General</Filter>
    </ClCompile>
    <ClCompile Include="BaseBehaviour.cpp">
      <Filter>Components\General</Filter>
    </ClCompile>
    <ClCompile Include="PhysicsManager.cpp">
      <Filter>Core</Filter>
    </ClCompile>
    <ClCompile Include="Collider2D.cpp" />
    <ClCompile Include="SphereCollider2D.cpp" />
    <ClCompile Include="LineCollider2D.cpp" />
  </ItemGroup>
  <ItemGroup>
    <ClInclude Include="Singleton.h">
      <Filter>Helpers</Filter>
    </ClInclude>
    <ClInclude Include="Font.h">
      <Filter>Graphics</Filter>
    </ClInclude>
    <ClInclude Include="Texture2D.h">
      <Filter>Graphics</Filter>
    </ClInclude>
    <ClInclude Include="BaseGame.h">
      <Filter>Scenegraph</Filter>
    </ClInclude>
    <ClInclude Include="SceneManager.h">
      <Filter>Scenegraph</Filter>
    </ClInclude>
    <ClInclude Include="GameObject.h">
      <Filter>Scenegraph</Filter>
    </ClInclude>
    <ClInclude Include="Audio.h">
      <Filter>Core</Filter>
    </ClInclude>
    <ClInclude Include="ControllerHandler.h">
      <Filter>Core\Input Handling\Handlers</Filter>
    </ClInclude>
    <ClInclude Include="KBMHandler.h">
      <Filter>Core\Input Handling\Handlers</Filter>
    </ClInclude>
    <ClInclude Include="Renderer.h">
      <Filter>Graphics</Filter>
    </ClInclude>
    <ClInclude Include="Structs.h">
      <Filter>Helpers</Filter>
    </ClInclude>
    <ClInclude Include="TimeManager.h">
      <Filter>Core</Filter>
    </ClInclude>
    <ClInclude Include="SettingsManager.h">
      <Filter>Core</Filter>
    </ClInclude>
    <ClInclude Include="ProtoEnginePCH.h">
      <Filter>Core\Engine</Filter>
    </ClInclude>
    <ClInclude Include="Engine.h">
      <Filter>Core\Engine</Filter>
    </ClInclude>
    <ClInclude Include="CommandManager.h">
      <Filter>Core\Input Handling\Command</Filter>
    </ClInclude>
    <ClInclude Include="BaseCommand.h">
      <Filter>Core\Input Handling\Command</Filter>
    </ClInclude>
    <ClInclude Include="Triggers.h">
      <Filter>Core\Input Handling\Input</Filter>
    </ClInclude>
    <ClInclude Include="Buttons.h">
      <Filter>Core\Input Handling\Input</Filter>
    </ClInclude>
    <ClInclude Include="Joysticks.h">
      <Filter>Core\Input Handling\Input</Filter>
    </ClInclude>
    <ClInclude Include="Messenger.h">
      <Filter>Core\Observer</Filter>
    </ClInclude>
    <ClInclude Include="Observer.h">
      <Filter>Core\Observer</Filter>
    </ClInclude>
    <ClInclude Include="BaseAchievement.h">
      <Filter>Core\Achievement</Filter>
    </ClInclude>
    <ClInclude Include="AchievementManager.h">
      <Filter>Core\Achievement</Filter>
    </ClInclude>
    <ClInclude Include="InputManager.h">
      <Filter>Core\Input Handling\Handlers</Filter>
    </ClInclude>
    <ClInclude Include="ImGui\imstb_truetype.h">
      <Filter>ImGui\Core</Filter>
    </ClInclude>
    <ClInclude Include="ImGui\imconfig.h">
      <Filter>ImGui\Core</Filter>
    </ClInclude>
    <ClInclude Include="ImGui\imgui.h">
      <Filter>ImGui\Core</Filter>
    </ClInclude>
    <ClInclude Include="ImGui\imgui_internal.h">
      <Filter>ImGui\Core</Filter>
    </ClInclude>
    <ClInclude Include="ImGui\imgui_sdl.h">
      <Filter>ImGui\Core</Filter>
    </ClInclude>
    <ClInclude Include="ImGui\imstb_rectpack.h">
      <Filter>ImGui\Core</Filter>
    </ClInclude>
    <ClInclude Include="ImGui\imstb_textedit.h">
      <Filter>ImGui\Core</Filter>
    </ClInclude>
    <ClInclude Include="Editor.h">
      <Filter>ImGui\Editor</Filter>
    </ClInclude>
    <ClInclude Include="Logger.h">
      <Filter>ImGui\Editor</Filter>
    </ClInclude>
    <ClInclude Include="portable-file-dialogs.h">
      <Filter>Helpers</Filter>
    </ClInclude>
    <ClInclude Include="ContentManager.h">
      <Filter>Content</Filter>
    </ClInclude>
    <ClInclude Include="Scene.h">
      <Filter>Scenegraph</Filter>
    </ClInclude>
    <ClInclude Include="RapidXML\rapidxml_utils.hpp">
      <Filter>RapidXML</Filter>
    </ClInclude>
    <ClInclude Include="RapidXML\rapidxml.hpp">
      <Filter>RapidXML</Filter>
    </ClInclude>
    <ClInclude Include="RapidXML\rapidxml_iterators.hpp">
      <Filter>RapidXML</Filter>
    </ClInclude>
    <ClInclude Include="RapidXML\rapidxml_print.hpp">
      <Filter>RapidXML</Filter>
    </ClInclude>
    <ClInclude Include="targetver.h">
      <Filter>Core</Filter>
    </ClInclude>
    <ClInclude Include="EditorGame.h">
      <Filter>Scenegraph</Filter>
    </ClInclude>
    <ClInclude Include="ProtoGui.h">
      <Filter>ImGui\Editor</Filter>
    </ClInclude>
    <ClInclude Include="ProtoUtils.h">
      <Filter>Helpers</Filter>
    </ClInclude>
    <ClInclude Include="FPSText.h">
      <Filter>Components\Graphics</Filter>
    </ClInclude>
    <ClInclude Include="Image.h">
      <Filter>Components\Graphics</Filter>
    </ClInclude>
    <ClInclude Include="Text.h">
      <Filter>Components\Graphics</Filter>
    </ClInclude>
    <ClInclude Include="BoxCollider2D.h">
      <Filter>Components\Physics</Filter>
    </ClInclude>
    <ClInclude Include="Camera.h">
      <Filter>Components\Game</Filter>
    </ClInclude>
    <ClInclude Include="Transform.h">
      <Filter>Components\General</Filter>
    </ClInclude>
    <ClInclude Include="BaseBehaviour.h">
      <Filter>Components\General</Filter>
    </ClInclude>
    <ClInclude Include="EngineBehaviours.h">
      <Filter>Components</Filter>
    </ClInclude>
    <ClInclude Include="RigidBody2D.h">
      <Filter>Components\Physics</Filter>
    </ClInclude>
    <ClInclude Include="PhysicsManager.h">
      <Filter>Core</Filter>
    </ClInclude>
    <ClInclude Include="Collider2D.h" />
    <ClInclude Include="SphereCollider2D.h" />
    <ClInclude Include="LineCollider2D.h" />
  </ItemGroup>
</Project>