<?xml version="1.0" encoding="utf-8"?>
<Project ToolsVersion="4.0" xmlns="http://schemas.microsoft.com/developer/msbuild/2003">
  <ItemGroup>
    <Filter Include="Games">
      <UniqueIdentifier>{e1b9dacb-2673-4f71-a6e4-15738bac2717}</UniqueIdentifier>
    </Filter>
    <Filter Include="Observers">
      <UniqueIdentifier>{8a87252d-5ed5-4928-bad5-83b6bc6b817d}</UniqueIdentifier>
    </Filter>
    <Filter Include="Components">
      <UniqueIdentifier>{5cf307be-ab78-4a28-9cfe-32d89311ef09}</UniqueIdentifier>
    </Filter>
  </ItemGroup>
  <ItemGroup>
    <ClCompile Include="main.cpp" />
    <ClCompile Include="AchievementObserver.cpp">
      <Filter>Observers</Filter>
    </ClCompile>
    <ClCompile Include="BubbleBobbleGame.cpp">
      <Filter>Games</Filter>
    </ClCompile>
    <ClCompile Include="BB_MenuController.cpp">
      <Filter>Components</Filter>
    </ClCompile>
    <ClCompile Include="BB_PlayerController.cpp">
      <Filter>Components</Filter>
    </ClCompile>
    <ClCompile Include="BB_ZenChanController.cpp">
      <Filter>Components</Filter>
    </ClCompile>
    <ClCompile Include="BB_GameMode.cpp">
      <Filter>Components</Filter>
    </ClCompile>
    <ClCompile Include="BB_BubbleController.cpp">
      <Filter>Components</Filter>
    </ClCompile>
    <ClCompile Include="BB_PickupController.cpp">
      <Filter>Components</Filter>
    </ClCompile>
  </ItemGroup>
  <ItemGroup>
    <ClInclude Include="Commands.h" />
    <ClInclude Include="AchievementObserver.h">
      <Filter>Observers</Filter>
    </ClInclude>
    <ClInclude Include="Events.h">
      <Filter>Observers</Filter>
    </ClInclude>
    <ClInclude Include="BubbleBobbleGame.h">
      <Filter>Games</Filter>
    </ClInclude>
    <ClInclude Include="BB_MenuController.h">
      <Filter>Components</Filter>
    </ClInclude>
    <ClInclude Include="BB_PlayerController.h">
      <Filter>Components</Filter>
    </ClInclude>
    <ClInclude Include="BB_ZenChanController.h">
      <Filter>Components</Filter>
    </ClInclude>
    <ClInclude Include="BB_GameMode.h">
      <Filter>Components</Filter>
    </ClInclude>
    <ClInclude Include="BB_BubbleController.h">
      <Filter>Components</Filter>
    </ClInclude>
    <ClInclude Include="BB_PickupController.h">
      <Filter>Components</Filter>
    </ClInclude>
  </ItemGroup>
</Project>